
Microsoft Visual Studio Solution File, Format Version 12.00
# Visual Studio Version 16
VisualStudioVersion = 16.0.29613.14
MinimumVisualStudioVersion = 10.0.40219.1
Project("{FAE04EC0-301F-11D3-BF4B-00C04F79EFBC}") = "SimPlan", "SimPlan\SimPlan.csproj", "{4D13F47B-61EC-4EB8-95E1-E1FB055ED719}"
EndProject
Global
	GlobalSection(SolutionConfigurationPlatforms) = preSolution
		Debug|Any CPU = Debug|Any CPU
		Release|Any CPU = Release|Any CPU
	EndGlobalSection
	GlobalSection(ProjectConfigurationPlatforms) = postSolution
		{4D13F47B-61EC-4EB8-95E1-E1FB055ED719}.Debug|Any CPU.ActiveCfg = Debug|Any CPU
		{4D13F47B-61EC-4EB8-95E1-E1FB055ED719}.Debug|Any CPU.Build.0 = Debug|Any CPU
		{4D13F47B-61EC-4EB8-95E1-E1FB055ED719}.Release|Any CPU.ActiveCfg = Release|Any CPU
		{4D13F47B-61EC-4EB8-95E1-E1FB055ED719}.Release|Any CPU.Build.0 = Release|Any CPU
	EndGlobalSection
	GlobalSection(SolutionProperties) = preSolution
		HideSolutionNode = FALSE
	EndGlobalSection
	GlobalSection(ExtensibilityGlobals) = postSolution
		SolutionGuid = {E9CF56F0-86E0-4229-A954-6AD51D9390C9}
	EndGlobalSection
EndGlobal
